{
  "name": "advana-marketplace-docker-commands",
  "version": "1.0.0",
  "lockfileVersion": 3,
  "requires": true,
  "packages": {
    "": {
      "name": "advana-marketplace-docker-commands",
      "version": "1.0.0",
      "engines": {
        "node": ">=16.17.0",
        "npm": ">=8.0.0"
      }
    }
  }
}
